{
  "version": 4,
  "terraform_version": "1.15.6",
  "serial": 13,
  "lineage": "c39f8480-24e5-2779-4c23-08dcd5246bed",
  "outputs": {
    "conditional_file": {
      "value": [],
      "type": [
        "tuple",
        []
      ]
    },
    "count_filename_list": {
      "value": [
        "./mango-service.txt",
        "./apple-serive.txt"
      ],
      "type": [
        "tuple",
        [
          "string",
          "string"
        ]
      ]
    },
    "foreach_filenames_list": {
      "value": [
        "./hello.txt",
        "./mello.txt"
      ],
      "type": [
        "tuple",
        [
          "string",
          "string"
        ]
      ]
    }
  },
  "resources": [
    {
      "mode": "managed",
      "type": "local_file",
      "name": "pelo_files",
      "provider": "provider[\"registry.terraform.io/hashicorp/local\"]",
      "instances": [
        {
          "index_key": "hello.txt",
          "schema_version": 0,
          "attributes": {
            "content": "for each use karke banayi hai ladle",
            "content_base64": null,
            "content_base64sha256": "/zGVz2jSd+7BZuemitGOedIHQjMrDGnpQx2qxC0sM1U=",
            "content_base64sha512": "GdR6DsOq35XD2DYXNrHoK7WJMhpAX8YUadNJ+PYCNFNTgA7Fe7p4+Kx3TfH+JSEm96ETntWK/5Iqlu+C5OgEkw==",
            "content_md5": "78af47a424be3fa805aff252bc3d28ec",
            "content_sha1": "2a8c7c055af1e297f956faf4fde69e485ff05145",
            "content_sha256": "ff3195cf68d277eec166e7a68ad18e79d20742332b0c69e9431daac42d2c3355",
            "content_sha512": "19d47a0ec3aadf95c3d8361736b1e82bb589321a405fc61469d349f8f602345353800ec57bba78f8ac774df1fe252126f7a1139ed58aff922a96ef82e4e80493",
            "directory_permission": "0777",
            "file_permission": "0777",
            "filename": "./hello.txt",
            "id": "2a8c7c055af1e297f956faf4fde69e485ff05145",
            "sensitive_content": null,
            "source": null
          },
          "sensitive_attributes": [
            [
              {
                "type": "get_attr",
                "value": "sensitive_content"
              }
            ]
          ],
          "identity_schema_version": 0
        },
        {
          "index_key": "mello.txt",
          "schema_version": 0,
          "attributes": {
            "content": "for each use karke banayi hai ladle",
            "content_base64": null,
            "content_base64sha256": "/zGVz2jSd+7BZuemitGOedIHQjMrDGnpQx2qxC0sM1U=",
            "content_base64sha512": "GdR6DsOq35XD2DYXNrHoK7WJMhpAX8YUadNJ+PYCNFNTgA7Fe7p4+Kx3TfH+JSEm96ETntWK/5Iqlu+C5OgEkw==",
            "content_md5": "78af47a424be3fa805aff252bc3d28ec",
            "content_sha1": "2a8c7c055af1e297f956faf4fde69e485ff05145",
            "content_sha256": "ff3195cf68d277eec166e7a68ad18e79d20742332b0c69e9431daac42d2c3355",
            "content_sha512": "19d47a0ec3aadf95c3d8361736b1e82bb589321a405fc61469d349f8f602345353800ec57bba78f8ac774df1fe252126f7a1139ed58aff922a96ef82e4e80493",
            "directory_permission": "0777",
            "file_permission": "0777",
            "filename": "./mello.txt",
            "id": "2a8c7c055af1e297f956faf4fde69e485ff05145",
            "sensitive_content": null,
            "source": null
          },
          "sensitive_attributes": [
            [
              {
                "type": "get_attr",
                "value": "sensitive_content"
              }
            ]
          ],
          "identity_schema_version": 0
        }
      ]
    },
    {
      "mode": "managed",
      "type": "local_file",
      "name": "temp-files",
      "provider": "provider[\"registry.terraform.io/hashicorp/local\"]",
      "instances": [
        {
          "index_key": 0,
          "schema_version": 0,
          "attributes": {
            "content": "Bhai, ye file count index 0 se bani hai",
            "content_base64": null,
            "content_base64sha256": "bBX4IwndUXGnN8zantAUtHXguNmwcVva3yp3Qlmnoig=",
            "content_base64sha512": "Y54ME9l8TXRrjC0GRbeyptVtezHxc/yKBzSbIpStad/5NXeGW0IGzPjdZxSNouir2gbqJXy1tp3Xl37LQOEehA==",
            "content_md5": "b0d45f7a0bc907a96f226ae166745036",
            "content_sha1": "9bda60548287265a1479f17d1fc04f182d3dd1f4",
            "content_sha256": "6c15f82309dd5171a737ccda9ed014b475e0b8d9b0715bdadf2a774259a7a228",
            "content_sha512": "639e0c13d97c4d746b8c2d0645b7b2a6d56d7b31f173fc8a07349b2294ad69dff93577865b4206ccf8dd67148da2e8abda06ea257cb5b69dd7977ecb40e11e84",
            "directory_permission": "0777",
            "file_permission": "0777",
            "filename": "./mango-service.txt",
            "id": "9bda60548287265a1479f17d1fc04f182d3dd1f4",
            "sensitive_content": null,
            "source": null
          },
          "sensitive_attributes": [
            [
              {
                "type": "get_attr",
                "value": "sensitive_content"
              }
            ]
          ],
          "identity_schema_version": 0
        },
        {
          "index_key": 1,
          "schema_version": 0,
          "attributes": {
            "content": "Bhai, ye file count index 1 se bani hai",
            "content_base64": null,
            "content_base64sha256": "gwztXpG+A6LqtI/z7Xke7Z2X2qRR1id8hHjfoZ6NhmY=",
            "content_base64sha512": "mUQPbk93PiBUduQ8R5/UXYKE1/vyVlp4ghAvM9VrLC/VmuA0r+yvqvzx/CWbGz2z7EnWO2s2o62/rTON+wfY8g==",
            "content_md5": "008047a432ce04482c7539d31aaa7441",
            "content_sha1": "575572a40c3fe2c8cad8e9e623ee90feb72049b4",
            "content_sha256": "830ced5e91be03a2eab48ff3ed791eed9d97daa451d6277c8478dfa19e8d8666",
            "content_sha512": "99440f6e4f773e205476e43c479fd45d8284d7fbf2565a7882102f33d56b2c2fd59ae034afecafaafcf1fc259b1b3db3ec49d63b6b36a3adbfad338dfb07d8f2",
            "directory_permission": "0777",
            "file_permission": "0777",
            "filename": "./apple-serive.txt",
            "id": "575572a40c3fe2c8cad8e9e623ee90feb72049b4",
            "sensitive_content": null,
            "source": null
          },
          "sensitive_attributes": [
            [
              {
                "type": "get_attr",
                "value": "sensitive_content"
              }
            ]
          ],
          "identity_schema_version": 0
        }
      ]
    }
  ],
  "check_results": null
}
